
Microsoft Visual Studio Solution File, Format Version 12.00
# Visual Studio Version 16
VisualStudioVersion = 16.0.31019.35
MinimumVisualStudioVersion = 10.0.40219.1
Project("{FAE04EC0-301F-11D3-BF4B-00C04F79EFBC}") = "lab3", "lab3\lab3.csproj", "{4404122D-5A5B-417F-879B-1D2628E3C2EC}"
EndProject
Global
	GlobalSection(SolutionConfigurationPlatforms) = preSolution
		Debug|Any CPU = Debug|Any CPU
		Release|Any CPU = Release|Any CPU
	EndGlobalSection
	GlobalSection(ProjectConfigurationPlatforms) = postSolution
		{4404122D-5A5B-417F-879B-1D2628E3C2EC}.Debug|Any CPU.ActiveCfg = Debug|Any CPU
		{4404122D-5A5B-417F-879B-1D2628E3C2EC}.Debug|Any CPU.Build.0 = Debug|Any CPU
		{4404122D-5A5B-417F-879B-1D2628E3C2EC}.Release|Any CPU.ActiveCfg = Release|Any CPU
		{4404122D-5A5B-417F-879B-1D2628E3C2EC}.Release|Any CPU.Build.0 = Release|Any CPU
	EndGlobalSection
	GlobalSection(SolutionProperties) = preSolution
		HideSolutionNode = FALSE
	EndGlobalSection
	GlobalSection(ExtensibilityGlobals) = postSolution
		SolutionGuid = {6DBA0D3E-271A-4450-8DF7-45FE56E1F89F}
	EndGlobalSection
EndGlobal
