
Microsoft Visual Studio Solution File, Format Version 12.00
# Visual Studio Version 16
VisualStudioVersion = 16.0.31019.35
MinimumVisualStudioVersion = 10.0.40219.1
Project("{FAE04EC0-301F-11D3-BF4B-00C04F79EFBC}") = "Strings", "Strings\Strings.csproj", "{97EA8FDE-7381-4757-BBC0-3CCE4BCD3DF1}"
EndProject
Global
	GlobalSection(SolutionConfigurationPlatforms) = preSolution
		Debug|Any CPU = Debug|Any CPU
		Release|Any CPU = Release|Any CPU
	EndGlobalSection
	GlobalSection(ProjectConfigurationPlatforms) = postSolution
		{97EA8FDE-7381-4757-BBC0-3CCE4BCD3DF1}.Debug|Any CPU.ActiveCfg = Debug|Any CPU
		{97EA8FDE-7381-4757-BBC0-3CCE4BCD3DF1}.Debug|Any CPU.Build.0 = Debug|Any CPU
		{97EA8FDE-7381-4757-BBC0-3CCE4BCD3DF1}.Release|Any CPU.ActiveCfg = Release|Any CPU
		{97EA8FDE-7381-4757-BBC0-3CCE4BCD3DF1}.Release|Any CPU.Build.0 = Release|Any CPU
	EndGlobalSection
	GlobalSection(SolutionProperties) = preSolution
		HideSolutionNode = FALSE
	EndGlobalSection
	GlobalSection(ExtensibilityGlobals) = postSolution
		SolutionGuid = {9CA0C507-A605-4D63-888A-9EF90E555CA5}
	EndGlobalSection
EndGlobal
